// !$*UTF8*$!
{
	archiveVersion = 1;
	classes = {
	};
	objectVersion = 48;
	objects = {

/* Begin PBXBuildFile section */
		523251B427642CCBD4DED022 /* Pods_Todoey.framework in Frameworks */ = {isa = PBXBuildFile; fileRef = B49FD9D30E417A3C407FB996 /* Pods_Todoey.framework */; };
		88BDB45A2021AB7400FDB2ED /* AppDelegate.swift in Sources */ = {isa = PBXBuildFile; fileRef = 88BDB4592021AB7400FDB2ED /* AppDelegate.swift */; };
		88BDB45C2021AB7400FDB2ED /* TodoListViewController.swift in Sources */ = {isa = PBXBuildFile; fileRef = 88BDB45B2021AB7400FDB2ED /* TodoListViewController.swift */; };
		88BDB45F2021AB7400FDB2ED /* Main.storyboard in Resources */ = {isa = PBXBuildFile; fileRef = 88BDB45D2021AB7400FDB2ED /* Main.storyboard */; };
		88BDB4612021AB7400FDB2ED /* Assets.xcassets in Resources */ = {isa = PBXBuildFile; fileRef = 88BDB4602021AB7400FDB2ED /* Assets.xcassets */; };
		88BDB4642021AB7400FDB2ED /* LaunchScreen.storyboard in Resources */ = {isa = PBXBuildFile; fileRef = 88BDB4622021AB7400FDB2ED /* LaunchScreen.storyboard */; };
		88BDB4942022FAE100FDB2ED /* DataModel.xcdatamodeld in Sources */ = {isa = PBXBuildFile; fileRef = 88BDB4922022FAE100FDB2ED /* DataModel.xcdatamodeld */; };
		88BDB49820240B9800FDB2ED /* CategoryViewController.swift in Sources */ = {isa = PBXBuildFile; fileRef = 88BDB49720240B9800FDB2ED /* CategoryViewController.swift */; };
/* End PBXBuildFile section */

/* Begin PBXFileReference section */
		08A69F29D81B37E952B6AA5F /* Pods-Todoey.release.xcconfig */ = {isa = PBXFileReference; includeInIndex = 1; lastKnownFileType = text.xcconfig; name = "Pods-Todoey.release.xcconfig"; path = "Pods/Target Support Files/Pods-Todoey/Pods-Todoey.release.xcconfig"; sourceTree = "<group>"; };
		0E7841CCE3D0919B4615C806 /* Pods-Todoey.debug.xcconfig */ = {isa = PBXFileReference; includeInIndex = 1; lastKnownFileType = text.xcconfig; name = "Pods-Todoey.debug.xcconfig"; path = "Pods/Target Support Files/Pods-Todoey/Pods-Todoey.debug.xcconfig"; sourceTree = "<group>"; };
		88BDB4562021AB7400FDB2ED /* Todoey.app */ = {isa = PBXFileReference; explicitFileType = wrapper.application; includeInIndex = 0; path = Todoey.app; sourceTree = BUILT_PRODUCTS_DIR; };
		88BDB4592021AB7400FDB2ED /* AppDelegate.swift */ = {isa = PBXFileReference; lastKnownFileType = sourcecode.swift; path = AppDelegate.swift; sourceTree = "<group>"; };
		88BDB45B2021AB7400FDB2ED /* TodoListViewController.swift */ = {isa = PBXFileReference; lastKnownFileType = sourcecode.swift; path = TodoListViewController.swift; sourceTree = "<group>"; };
		88BDB45E2021AB7400FDB2ED /* Base */ = {isa = PBXFileReference; lastKnownFileType = file.storyboard; name = Base; path = Base.lproj/Main.storyboard; sourceTree = "<group>"; };
		88BDB4602021AB7400FDB2ED /* Assets.xcassets */ = {isa = PBXFileReference; lastKnownFileType = folder.assetcatalog; path = Assets.xcassets; sourceTree = "<group>"; };
		88BDB4632021AB7400FDB2ED /* Base */ = {isa = PBXFileReference; lastKnownFileType = file.storyboard; name = Base; path = Base.lproj/LaunchScreen.storyboard; sourceTree = "<group>"; };
		88BDB4652021AB7400FDB2ED /* Info.plist */ = {isa = PBXFileReference; lastKnownFileType = text.plist.xml; path = Info.plist; sourceTree = "<group>"; };
		88BDB4932022FAE100FDB2ED /* DataModel.xcdatamodel */ = {isa = PBXFileReference; lastKnownFileType = wrapper.xcdatamodel; path = DataModel.xcdatamodel; sourceTree = "<group>"; };
		88BDB49720240B9800FDB2ED /* CategoryViewController.swift */ = {isa = PBXFileReference; lastKnownFileType = sourcecode.swift; path = CategoryViewController.swift; sourceTree = "<group>"; };
		B49FD9D30E417A3C407FB996 /* Pods_Todoey.framework */ = {isa = PBXFileReference; explicitFileType = wrapper.framework; includeInIndex = 0; path = Pods_Todoey.framework; sourceTree = BUILT_PRODUCTS_DIR; };
/* End PBXFileReference section */

/* Begin PBXFrameworksBuildPhase section */
		88BDB4532021AB7400FDB2ED /* Frameworks */ = {
			isa = PBXFrameworksBuildPhase;
			buildActionMask = 2147483647;
			files = (
				523251B427642CCBD4DED022 /* Pods_Todoey.framework in Frameworks */,
			);
			runOnlyForDeploymentPostprocessing = 0;
		};
/* End PBXFrameworksBuildPhase section */

/* Begin PBXGroup section */
		14BD591BC8CACBCF37ED4463 /* Frameworks */ = {
			isa = PBXGroup;
			children = (
				B49FD9D30E417A3C407FB996 /* Pods_Todoey.framework */,
			);
			name = Frameworks;
			sourceTree = "<group>";
		};
		88BDB44D2021AB7400FDB2ED = {
			isa = PBXGroup;
			children = (
				88BDB4582021AB7400FDB2ED /* Todoey */,
				88BDB4572021AB7400FDB2ED /* Products */,
				E2E7B097BB68ECD3CF0A3C2A /* Pods */,
				14BD591BC8CACBCF37ED4463 /* Frameworks */,
			);
			sourceTree = "<group>";
		};
		88BDB4572021AB7400FDB2ED /* Products */ = {
			isa = PBXGroup;
			children = (
				88BDB4562021AB7400FDB2ED /* Todoey.app */,
			);
			name = Products;
			sourceTree = "<group>";
		};
		88BDB4582021AB7400FDB2ED /* Todoey */ = {
			isa = PBXGroup;
			children = (
				88BDB4592021AB7400FDB2ED /* AppDelegate.swift */,
				88BDB46E2022DCDF00FDB2ED /* Controllers */,
				88BDB46F2022DCF700FDB2ED /* Views */,
				88BDB4702022DD2900FDB2ED /* Supporting Files */,
				88BDB4652021AB7400FDB2ED /* Info.plist */,
				88BDB46D2022DCBE00FDB2ED /* Data Model */,
			);
			path = Todoey;
			sourceTree = "<group>";
		};
		88BDB46D2022DCBE00FDB2ED /* Data Model */ = {
			isa = PBXGroup;
			children = (
				88BDB4922022FAE100FDB2ED /* DataModel.xcdatamodeld */,
			);
			path = "Data Model";
			sourceTree = "<group>";
		};
		88BDB46E2022DCDF00FDB2ED /* Controllers */ = {
			isa = PBXGroup;
			children = (
				88BDB49720240B9800FDB2ED /* CategoryViewController.swift */,
				88BDB45B2021AB7400FDB2ED /* TodoListViewController.swift */,
			);
			path = Controllers;
			sourceTree = "<group>";
		};
		88BDB46F2022DCF700FDB2ED /* Views */ = {
			isa = PBXGroup;
			children = (
				88BDB45D2021AB7400FDB2ED /* Main.storyboard */,
			);
			path = Views;
			sourceTree = "<group>";
		};
		88BDB4702022DD2900FDB2ED /* Supporting Files */ = {
			isa = PBXGroup;
			children = (
				88BDB4602021AB7400FDB2ED /* Assets.xcassets */,
				88BDB4622021AB7400FDB2ED /* LaunchScreen.storyboard */,
			);
			path = "Supporting Files";
			sourceTree = "<group>";
		};
		E2E7B097BB68ECD3CF0A3C2A /* Pods */ = {
			isa = PBXGroup;
			children = (
				0E7841CCE3D0919B4615C806 /* Pods-Todoey.debug.xcconfig */,
				08A69F29D81B37E952B6AA5F /* Pods-Todoey.release.xcconfig */,
			);
			name = Pods;
			sourceTree = "<group>";
		};
/* End PBXGroup section */

/* Begin PBXNativeTarget section */
		88BDB4552021AB7400FDB2ED /* Todoey */ = {
			isa = PBXNativeTarget;
			buildConfigurationList = 88BDB4682021AB7400FDB2ED /* Build configuration list for PBXNativeTarget "Todoey" */;
			buildPhases = (
				67BA6B6ACC1FEB707286F63C /* [CP] Check Pods Manifest.lock */,
				88BDB4522021AB7400FDB2ED /* Sources */,
				88BDB4532021AB7400FDB2ED /* Frameworks */,
				88BDB4542021AB7400FDB2ED /* Resources */,
				1B409D13803DE2D74E3FFDCB /* [CP] Embed Pods Frameworks */,
				1169E838DB14052E9B3F5474 /* [CP] Copy Pods Resources */,
			);
			buildRules = (
			);
			dependencies = (
			);
			name = Todoey;
			productName = Todoey;
			productReference = 88BDB4562021AB7400FDB2ED /* Todoey.app */;
			productType = "com.apple.product-type.application";
		};
/* End PBXNativeTarget section */

/* Begin PBXProject section */
		88BDB44E2021AB7400FDB2ED /* Project object */ = {
			isa = PBXProject;
			attributes = {
				LastSwiftUpdateCheck = 0920;
				LastUpgradeCheck = 0920;
				ORGANIZATIONNAME = "CHENG CHI KUO";
				TargetAttributes = {
					88BDB4552021AB7400FDB2ED = {
						CreatedOnToolsVersion = 9.2;
						ProvisioningStyle = Automatic;
					};
				};
			};
			buildConfigurationList = 88BDB4512021AB7400FDB2ED /* Build configuration list for PBXProject "Todoey" */;
			compatibilityVersion = "Xcode 8.0";
			developmentRegion = en;
			hasScannedForEncodings = 0;
			knownRegions = (
				en,
				Base,
			);
			mainGroup = 88BDB44D2021AB7400FDB2ED;
			productRefGroup = 88BDB4572021AB7400FDB2ED /* Products */;
			projectDirPath = "";
			projectRoot = "";
			targets = (
				88BDB4552021AB7400FDB2ED /* Todoey */,
			);
		};
/* End PBXProject section */

/* Begin PBXResourcesBuildPhase section */
		88BDB4542021AB7400FDB2ED /* Resources */ = {
			isa = PBXResourcesBuildPhase;
			buildActionMask = 2147483647;
			files = (
				88BDB4642021AB7400FDB2ED /* LaunchScreen.storyboard in Resources */,
				88BDB4612021AB7400FDB2ED /* Assets.xcassets in Resources */,
				88BDB45F2021AB7400FDB2ED /* Main.storyboard in Resources */,
			);
			runOnlyForDeploymentPostprocessing = 0;
		};
/* End PBXResourcesBuildPhase section */

/* Begin PBXShellScriptBuildPhase section */
		1169E838DB14052E9B3F5474 /* [CP] Copy Pods Resources */ = {
			isa = PBXShellScriptBuildPhase;
			buildActionMask = 2147483647;
			files = (
			);
			inputPaths = (
			);
			name = "[CP] Copy Pods Resources";
			outputPaths = (
			);
			runOnlyForDeploymentPostprocessing = 0;
			shellPath = /bin/sh;
			shellScript = "\"${SRCROOT}/Pods/Target Support Files/Pods-Todoey/Pods-Todoey-resources.sh\"\n";
			showEnvVarsInLog = 0;
		};
		1B409D13803DE2D74E3FFDCB /* [CP] Embed Pods Frameworks */ = {
			isa = PBXShellScriptBuildPhase;
			buildActionMask = 2147483647;
			files = (
			);
			inputPaths = (
				"${SRCROOT}/Pods/Target Support Files/Pods-Todoey/Pods-Todoey-frameworks.sh",
				"${BUILT_PRODUCTS_DIR}/Realm/Realm.framework",
				"${BUILT_PRODUCTS_DIR}/RealmSwift/RealmSwift.framework",
			);
			name = "[CP] Embed Pods Frameworks";
			outputPaths = (
				"${TARGET_BUILD_DIR}/${FRAMEWORKS_FOLDER_PATH}/Realm.framework",
				"${TARGET_BUILD_DIR}/${FRAMEWORKS_FOLDER_PATH}/RealmSwift.framework",
			);
			runOnlyForDeploymentPostprocessing = 0;
			shellPath = /bin/sh;
			shellScript = "\"${SRCROOT}/Pods/Target Support Files/Pods-Todoey/Pods-Todoey-frameworks.sh\"\n";
			showEnvVarsInLog = 0;
		};
		67BA6B6ACC1FEB707286F63C /* [CP] Check Pods Manifest.lock */ = {
			isa = PBXShellScriptBuildPhase;
			buildActionMask = 2147483647;
			files = (
			);
			inputPaths = (
				"${PODS_PODFILE_DIR_PATH}/Podfile.lock",
				"${PODS_ROOT}/Manifest.lock",
			);
			name = "[CP] Check Pods Manifest.lock";
			outputPaths = (
				"$(DERIVED_FILE_DIR)/Pods-Todoey-checkManifestLockResult.txt",
			);
			runOnlyForDeploymentPostprocessing = 0;
			shellPath = /bin/sh;
			shellScript = "diff \"${PODS_PODFILE_DIR_PATH}/Podfile.lock\" \"${PODS_ROOT}/Manifest.lock\" > /dev/null\nif [ $? != 0 ] ; then\n    # print error to STDERR\n    echo \"error: The sandbox is not in sync with the Podfile.lock. Run 'pod install' or update your CocoaPods installation.\" >&2\n    exit 1\nfi\n# This output is used by Xcode 'outputs' to avoid re-running this script phase.\necho \"SUCCESS\" > \"${SCRIPT_OUTPUT_FILE_0}\"\n";
			showEnvVarsInLog = 0;
		};
/* End PBXShellScriptBuildPhase section */

/* Begin PBXSourcesBuildPhase section */
		88BDB4522021AB7400FDB2ED /* Sources */ = {
			isa = PBXSourcesBuildPhase;
			buildActionMask = 2147483647;
			files = (
				88BDB49820240B9800FDB2ED /* CategoryViewController.swift in Sources */,
				88BDB45C2021AB7400FDB2ED /* TodoListViewController.swift in Sources */,
				88BDB4942022FAE100FDB2ED /* DataModel.xcdatamodeld in Sources */,
				88BDB45A2021AB7400FDB2ED /* AppDelegate.swift in Sources */,
			);
			runOnlyForDeploymentPostprocessing = 0;
		};
/* End PBXSourcesBuildPhase section */

/* Begin PBXVariantGroup section */
		88BDB45D2021AB7400FDB2ED /* Main.storyboard */ = {
			isa = PBXVariantGroup;
			children = (
				88BDB45E2021AB7400FDB2ED /* Base */,
			);
			name = Main.storyboard;
			sourceTree = "<group>";
		};
		88BDB4622021AB7400FDB2ED /* LaunchScreen.storyboard */ = {
			isa = PBXVariantGroup;
			children = (
				88BDB4632021AB7400FDB2ED /* Base */,
			);
			name = LaunchScreen.storyboard;
			sourceTree = "<group>";
		};
/* End PBXVariantGroup section */

/* Begin XCBuildConfiguration section */
		88BDB4662021AB7400FDB2ED /* Debug */ = {
			isa = XCBuildConfiguration;
			buildSettings = {
				ALWAYS_SEARCH_USER_PATHS = NO;
				CLANG_ANALYZER_NONNULL = YES;
				CLANG_ANALYZER_NUMBER_OBJECT_CONVERSION = YES_AGGRESSIVE;
				CLANG_CXX_LANGUAGE_STANDARD = "gnu++14";
				CLANG_CXX_LIBRARY = "libc++";
				CLANG_ENABLE_MODULES = YES;
				CLANG_ENABLE_OBJC_ARC = YES;
				CLANG_WARN_BLOCK_CAPTURE_AUTORELEASING = YES;
				CLANG_WARN_BOOL_CONVERSION = YES;
				CLANG_WARN_COMMA = YES;
				CLANG_WARN_CONSTANT_CONVERSION = YES;
				CLANG_WARN_DIRECT_OBJC_ISA_USAGE = YES_ERROR;
				CLANG_WARN_DOCUMENTATION_COMMENTS = YES;
				CLANG_WARN_EMPTY_BODY = YES;
				CLANG_WARN_ENUM_CONVERSION = YES;
				CLANG_WARN_INFINITE_RECURSION = YES;
				CLANG_WARN_INT_CONVERSION = YES;
				CLANG_WARN_NON_LITERAL_NULL_CONVERSION = YES;
				CLANG_WARN_OBJC_LITERAL_CONVERSION = YES;
				CLANG_WARN_OBJC_ROOT_CLASS = YES_ERROR;
				CLANG_WARN_RANGE_LOOP_ANALYSIS = YES;
				CLANG_WARN_STRICT_PROTOTYPES = YES;
				CLANG_WARN_SUSPICIOUS_MOVE = YES;
				CLANG_WARN_UNGUARDED_AVAILABILITY = YES_AGGRESSIVE;
				CLANG_WARN_UNREACHABLE_CODE = YES;
				CLANG_WARN__DUPLICATE_METHOD_MATCH = YES;
				CODE_SIGN_IDENTITY = "iPhone Developer";
				COPY_PHASE_STRIP = NO;
				DEBUG_INFORMATION_FORMAT = dwarf;
				ENABLE_STRICT_OBJC_MSGSEND = YES;
				ENABLE_TESTABILITY = YES;
				GCC_C_LANGUAGE_STANDARD = gnu11;
				GCC_DYNAMIC_NO_PIC = NO;
				GCC_NO_COMMON_BLOCKS = YES;
				GCC_OPTIMIZATION_LEVEL = 0;
				GCC_PREPROCESSOR_DEFINITIONS = (
					"DEBUG=1",
					"$(inherited)",
				);
				GCC_WARN_64_TO_32_BIT_CONVERSION = YES;
				GCC_WARN_ABOUT_RETURN_TYPE = YES_ERROR;
				GCC_WARN_UNDECLARED_SELECTOR = YES;
				GCC_WARN_UNINITIALIZED_AUTOS = YES_AGGRESSIVE;
				GCC_WARN_UNUSED_FUNCTION = YES;
				GCC_WARN_UNUSED_VARIABLE = YES;
				IPHONEOS_DEPLOYMENT_TARGET = 11.2;
				MTL_ENABLE_DEBUG_INFO = YES;
				ONLY_ACTIVE_ARCH = YES;
				SDKROOT = iphoneos;
				SWIFT_ACTIVE_COMPILATION_CONDITIONS = DEBUG;
				SWIFT_OPTIMIZATION_LEVEL = "-Onone";
			};
			name = Debug;
		};
		88BDB4672021AB7400FDB2ED /* Release */ = {
			isa = XCBuildConfiguration;
			buildSettings = {
				ALWAYS_SEARCH_USER_PATHS = NO;
				CLANG_ANALYZER_NONNULL = YES;
				CLANG_ANALYZER_NUMBER_OBJECT_CONVERSION = YES_AGGRESSIVE;
				CLANG_CXX_LANGUAGE_STANDARD = "gnu++14";
				CLANG_CXX_LIBRARY = "libc++";
				CLANG_ENABLE_MODULES = YES;
				CLANG_ENABLE_OBJC_ARC = YES;
				CLANG_WARN_BLOCK_CAPTURE_AUTORELEASING = YES;
				CLANG_WARN_BOOL_CONVERSION = YES;
				CLANG_WARN_COMMA = YES;
				CLANG_WARN_CONSTANT_CONVERSION = YES;
				CLANG_WARN_DIRECT_OBJC_ISA_USAGE = YES_ERROR;
				CLANG_WARN_DOCUMENTATION_COMMENTS = YES;
				CLANG_WARN_EMPTY_BODY = YES;
				CLANG_WARN_ENUM_CONVERSION = YES;
				CLANG_WARN_INFINITE_RECURSION = YES;
				CLANG_WARN_INT_CONVERSION = YES;
				CLANG_WARN_NON_LITERAL_NULL_CONVERSION = YES;
				CLANG_WARN_OBJC_LITERAL_CONVERSION = YES;
				CLANG_WARN_OBJC_ROOT_CLASS = YES_ERROR;
				CLANG_WARN_RANGE_LOOP_ANALYSIS = YES;
				CLANG_WARN_STRICT_PROTOTYPES = YES;
				CLANG_WARN_SUSPICIOUS_MOVE = YES;
				CLANG_WARN_UNGUARDED_AVAILABILITY = YES_AGGRESSIVE;
				CLANG_WARN_UNREACHABLE_CODE = YES;
				CLANG_WARN__DUPLICATE_METHOD_MATCH = YES;
				CODE_SIGN_IDENTITY = "iPhone Developer";
				COPY_PHASE_STRIP = NO;
				DEBUG_INFORMATION_FORMAT = "dwarf-with-dsym";
				ENABLE_NS_ASSERTIONS = NO;
				ENABLE_STRICT_OBJC_MSGSEND = YES;
				GCC_C_LANGUAGE_STANDARD = gnu11;
				GCC_NO_COMMON_BLOCKS = YES;
				GCC_WARN_64_TO_32_BIT_CONVERSION = YES;
				GCC_WARN_ABOUT_RETURN_TYPE = YES_ERROR;
				GCC_WARN_UNDECLARED_SELECTOR = YES;
				GCC_WARN_UNINITIALIZED_AUTOS = YES_AGGRESSIVE;
				GCC_WARN_UNUSED_FUNCTION = YES;
				GCC_WARN_UNUSED_VARIABLE = YES;
				IPHONEOS_DEPLOYMENT_TARGET = 11.2;
				MTL_ENABLE_DEBUG_INFO = NO;
				SDKROOT = iphoneos;
				SWIFT_OPTIMIZATION_LEVEL = "-Owholemodule";
				VALIDATE_PRODUCT = YES;
			};
			name = Release;
		};
		88BDB4692021AB7400FDB2ED /* Debug */ = {
			isa = XCBuildConfiguration;
			baseConfigurationReference = 0E7841CCE3D0919B4615C806 /* Pods-Todoey.debug.xcconfig */;
			buildSettings = {
				ASSETCATALOG_COMPILER_APPICON_NAME = AppIcon;
				CODE_SIGN_STYLE = Automatic;
				DEVELOPMENT_TEAM = WPR529T9N7;
				INFOPLIST_FILE = Todoey/Info.plist;
				LD_RUNPATH_SEARCH_PATHS = "$(inherited) @executable_path/Frameworks";
				PRODUCT_BUNDLE_IDENTIFIER = com.anjie.Todoey;
				PRODUCT_NAME = "$(TARGET_NAME)";
				SWIFT_VERSION = 4.0;
				TARGETED_DEVICE_FAMILY = "1,2";
			};
			name = Debug;
		};
		88BDB46A2021AB7400FDB2ED /* Release */ = {
			isa = XCBuildConfiguration;
			baseConfigurationReference = 08A69F29D81B37E952B6AA5F /* Pods-Todoey.release.xcconfig */;
			buildSettings = {
				ASSETCATALOG_COMPILER_APPICON_NAME = AppIcon;
				CODE_SIGN_STYLE = Automatic;
				DEVELOPMENT_TEAM = WPR529T9N7;
				INFOPLIST_FILE = Todoey/Info.plist;
				LD_RUNPATH_SEARCH_PATHS = "$(inherited) @executable_path/Frameworks";
				PRODUCT_BUNDLE_IDENTIFIER = com.anjie.Todoey;
				PRODUCT_NAME = "$(TARGET_NAME)";
				SWIFT_VERSION = 4.0;
				TARGETED_DEVICE_FAMILY = "1,2";
			};
			name = Release;
		};
/* End XCBuildConfiguration section */

/* Begin XCConfigurationList section */
		88BDB4512021AB7400FDB2ED /* Build configuration list for PBXProject "Todoey" */ = {
			isa = XCConfigurationList;
			buildConfigurations = (
				88BDB4662021AB7400FDB2ED /* Debug */,
				88BDB4672021AB7400FDB2ED /* Release */,
			);
			defaultConfigurationIsVisible = 0;
			defaultConfigurationName = Release;
		};
		88BDB4682021AB7400FDB2ED /* Build configuration list for PBXNativeTarget "Todoey" */ = {
			isa = XCConfigurationList;
			buildConfigurations = (
				88BDB4692021AB7400FDB2ED /* Debug */,
				88BDB46A2021AB7400FDB2ED /* Release */,
			);
			defaultConfigurationIsVisible = 0;
			defaultConfigurationName = Release;
		};
/* End XCConfigurationList section */

/* Begin XCVersionGroup section */
		88BDB4922022FAE100FDB2ED /* DataModel.xcdatamodeld */ = {
			isa = XCVersionGroup;
			children = (
				88BDB4932022FAE100FDB2ED /* DataModel.xcdatamodel */,
			);
			currentVersion = 88BDB4932022FAE100FDB2ED /* DataModel.xcdatamodel */;
			path = DataModel.xcdatamodeld;
			sourceTree = "<group>";
			versionGroupType = wrapper.xcdatamodel;
		};
/* End XCVersionGroup section */
	};
	rootObject = 88BDB44E2021AB7400FDB2ED /* Project object */;
}
